
Microsoft Visual Studio Solution File, Format Version 12.00
# Visual Studio Version 16
VisualStudioVersion = 16.0.28315.86
MinimumVisualStudioVersion = 10.0.40219.1
Project("{9A19103F-16F7-4668-BE54-9A1E7A4F7556}") = "MyTennisPartner.Models", "MyTennisPartner.Models\MyTennisPartner.Models.csproj", "{65343DF8-27D6-4C2E-82A7-2EBFDCB58F89}"
EndProject
Project("{9A19103F-16F7-4668-BE54-9A1E7A4F7556}") = "MyTennisPartner.Data", "MyTennisPartner.Data\MyTennisPartner.Data.csproj", "{DB14164B-6CCC-46A8-A93C-C5F0DF2EB519}"
EndProject
Project("{9A19103F-16F7-4668-BE54-9A1E7A4F7556}") = "MyTennisPartner.Web", "MyTennisPartner.Web\MyTennisPartner.Web.csproj", "{F13D3BFE-1BC9-4D95-88B2-FCBD80484839}"
EndProject
Project("{9A19103F-16F7-4668-BE54-9A1E7A4F7556}") = "MyTennisPartner.Data.Test", "MyTennisPartner.Data.Test\MyTennisPartner.Data.Test.csproj", "{823731AC-4FF0-46C4-8955-70F62730CD9C}"
EndProject
Project("{9A19103F-16F7-4668-BE54-9A1E7A4F7556}") = "MyTennisPartner.Models.Test", "MyTennisPartner.Models.Test\MyTennisPartner.Models.Test.csproj", "{8F7095D4-4ACD-4569-B398-9892980B640C}"
EndProject
Project("{9A19103F-16F7-4668-BE54-9A1E7A4F7556}") = "MyTennisPartner.Web.Test", "MyTennisPartner.Web.Test\MyTennisPartner.Web.Test.csproj", "{4BC1FF87-4E5C-4690-BCD5-F2999144C37F}"
EndProject
Project("{9A19103F-16F7-4668-BE54-9A1E7A4F7556}") = "MyTennisPartner.Core", "MyTennisPartner.Core\MyTennisPartner.Core.csproj", "{AB59832E-5FAC-45DF-99EF-BF9FEB20030D}"
EndProject
Project("{9A19103F-16F7-4668-BE54-9A1E7A4F7556}") = "MyTennisPartner.Utilities", "MyTennisPartner.Utilities\MyTennisPartner.Utilities.csproj", "{EC237BF6-BDB0-4BA0-BBA9-487A77E3C66C}"
EndProject
Project("{2150E333-8FDC-42A3-9474-1A3956D46DE8}") = "Solution Items", "Solution Items", "{3CB2339C-1474-4994-ABD1-7264AEF89830}"
	ProjectSection(SolutionItems) = preProject
		.editorconfig = .editorconfig
	EndProjectSection
EndProject
Global
	GlobalSection(SolutionConfigurationPlatforms) = preSolution
		Debug|Any CPU = Debug|Any CPU
		Debug|iPhone = Debug|iPhone
		Debug|iPhoneSimulator = Debug|iPhoneSimulator
		Debug|x64 = Debug|x64
		Debug|x86 = Debug|x86
		Release|Any CPU = Release|Any CPU
		Release|iPhone = Release|iPhone
		Release|iPhoneSimulator = Release|iPhoneSimulator
		Release|x64 = Release|x64
		Release|x86 = Release|x86
	EndGlobalSection
	GlobalSection(ProjectConfigurationPlatforms) = postSolution
		{65343DF8-27D6-4C2E-82A7-2EBFDCB58F89}.Debug|Any CPU.ActiveCfg = Debug|Any CPU
		{65343DF8-27D6-4C2E-82A7-2EBFDCB58F89}.Debug|Any CPU.Build.0 = Debug|Any CPU
		{65343DF8-27D6-4C2E-82A7-2EBFDCB58F89}.Debug|iPhone.ActiveCfg = Debug|Any CPU
		{65343DF8-27D6-4C2E-82A7-2EBFDCB58F89}.Debug|iPhone.Build.0 = Debug|Any CPU
		{65343DF8-27D6-4C2E-82A7-2EBFDCB58F89}.Debug|iPhoneSimulator.ActiveCfg = Debug|Any CPU
		{65343DF8-27D6-4C2E-82A7-2EBFDCB58F89}.Debug|iPhoneSimulator.Build.0 = Debug|Any CPU
		{65343DF8-27D6-4C2E-82A7-2EBFDCB58F89}.Debug|x64.ActiveCfg = Debug|Any CPU
		{65343DF8-27D6-4C2E-82A7-2EBFDCB58F89}.Debug|x64.Build.0 = Debug|Any CPU
		{65343DF8-27D6-4C2E-82A7-2EBFDCB58F89}.Debug|x86.ActiveCfg = Debug|Any CPU
		{65343DF8-27D6-4C2E-82A7-2EBFDCB58F89}.Debug|x86.Build.0 = Debug|Any CPU
		{65343DF8-27D6-4C2E-82A7-2EBFDCB58F89}.Release|Any CPU.ActiveCfg = Release|Any CPU
		{65343DF8-27D6-4C2E-82A7-2EBFDCB58F89}.Release|Any CPU.Build.0 = Release|Any CPU
		{65343DF8-27D6-4C2E-82A7-2EBFDCB58F89}.Release|iPhone.ActiveCfg = Release|Any CPU
		{65343DF8-27D6-4C2E-82A7-2EBFDCB58F89}.Release|iPhone.Build.0 = Release|Any CPU
		{65343DF8-27D6-4C2E-82A7-2EBFDCB58F89}.Release|iPhoneSimulator.ActiveCfg = Release|Any CPU
		{65343DF8-27D6-4C2E-82A7-2EBFDCB58F89}.Release|iPhoneSimulator.Build.0 = Release|Any CPU
		{65343DF8-27D6-4C2E-82A7-2EBFDCB58F89}.Release|x64.ActiveCfg = Release|Any CPU
		{65343DF8-27D6-4C2E-82A7-2EBFDCB58F89}.Release|x64.Build.0 = Release|Any CPU
		{65343DF8-27D6-4C2E-82A7-2EBFDCB58F89}.Release|x86.ActiveCfg = Release|Any CPU
		{65343DF8-27D6-4C2E-82A7-2EBFDCB58F89}.Release|x86.Build.0 = Release|Any CPU
		{DB14164B-6CCC-46A8-A93C-C5F0DF2EB519}.Debug|Any CPU.ActiveCfg = Debug|Any CPU
		{DB14164B-6CCC-46A8-A93C-C5F0DF2EB519}.Debug|Any CPU.Build.0 = Debug|Any CPU
		{DB14164B-6CCC-46A8-A93C-C5F0DF2EB519}.Debug|iPhone.ActiveCfg = Debug|Any CPU
		{DB14164B-6CCC-46A8-A93C-C5F0DF2EB519}.Debug|iPhone.Build.0 = Debug|Any CPU
		{DB14164B-6CCC-46A8-A93C-C5F0DF2EB519}.Debug|iPhoneSimulator.ActiveCfg = Debug|Any CPU
		{DB14164B-6CCC-46A8-A93C-C5F0DF2EB519}.Debug|iPhoneSimulator.Build.0 = Debug|Any CPU
		{DB14164B-6CCC-46A8-A93C-C5F0DF2EB519}.Debug|x64.ActiveCfg = Debug|Any CPU
		{DB14164B-6CCC-46A8-A93C-C5F0DF2EB519}.Debug|x64.Build.0 = Debug|Any CPU
		{DB14164B-6CCC-46A8-A93C-C5F0DF2EB519}.Debug|x86.ActiveCfg = Debug|Any CPU
		{DB14164B-6CCC-46A8-A93C-C5F0DF2EB519}.Debug|x86.Build.0 = Debug|Any CPU
		{DB14164B-6CCC-46A8-A93C-C5F0DF2EB519}.Release|Any CPU.ActiveCfg = Release|Any CPU
		{DB14164B-6CCC-46A8-A93C-C5F0DF2EB519}.Release|Any CPU.Build.0 = Release|Any CPU
		{DB14164B-6CCC-46A8-A93C-C5F0DF2EB519}.Release|iPhone.ActiveCfg = Release|Any CPU
		{DB14164B-6CCC-46A8-A93C-C5F0DF2EB519}.Release|iPhone.Build.0 = Release|Any CPU
		{DB14164B-6CCC-46A8-A93C-C5F0DF2EB519}.Release|iPhoneSimulator.ActiveCfg = Release|Any CPU
		{DB14164B-6CCC-46A8-A93C-C5F0DF2EB519}.Release|iPhoneSimulator.Build.0 = Release|Any CPU
		{DB14164B-6CCC-46A8-A93C-C5F0DF2EB519}.Release|x64.ActiveCfg = Release|Any CPU
		{DB14164B-6CCC-46A8-A93C-C5F0DF2EB519}.Release|x64.Build.0 = Release|Any CPU
		{DB14164B-6CCC-46A8-A93C-C5F0DF2EB519}.Release|x86.ActiveCfg = Release|Any CPU
		{DB14164B-6CCC-46A8-A93C-C5F0DF2EB519}.Release|x86.Build.0 = Release|Any CPU
		{F13D3BFE-1BC9-4D95-88B2-FCBD80484839}.Debug|Any CPU.ActiveCfg = Debug|Any CPU
		{F13D3BFE-1BC9-4D95-88B2-FCBD80484839}.Debug|Any CPU.Build.0 = Debug|Any CPU
		{F13D3BFE-1BC9-4D95-88B2-FCBD80484839}.Debug|iPhone.ActiveCfg = Debug|Any CPU
		{F13D3BFE-1BC9-4D95-88B2-FCBD80484839}.Debug|iPhone.Build.0 = Debug|Any CPU
		{F13D3BFE-1BC9-4D95-88B2-FCBD80484839}.Debug|iPhoneSimulator.ActiveCfg = Debug|Any CPU
		{F13D3BFE-1BC9-4D95-88B2-FCBD80484839}.Debug|iPhoneSimulator.Build.0 = Debug|Any CPU
		{F13D3BFE-1BC9-4D95-88B2-FCBD80484839}.Debug|x64.ActiveCfg = Debug|Any CPU
		{F13D3BFE-1BC9-4D95-88B2-FCBD80484839}.Debug|x64.Build.0 = Debug|Any CPU
		{F13D3BFE-1BC9-4D95-88B2-FCBD80484839}.Debug|x86.ActiveCfg = Debug|Any CPU
		{F13D3BFE-1BC9-4D95-88B2-FCBD80484839}.Debug|x86.Build.0 = Debug|Any CPU
		{F13D3BFE-1BC9-4D95-88B2-FCBD80484839}.Release|Any CPU.ActiveCfg = Release|Any CPU
		{F13D3BFE-1BC9-4D95-88B2-FCBD80484839}.Release|Any CPU.Build.0 = Release|Any CPU
		{F13D3BFE-1BC9-4D95-88B2-FCBD80484839}.Release|iPhone.ActiveCfg = Release|Any CPU
		{F13D3BFE-1BC9-4D95-88B2-FCBD80484839}.Release|iPhone.Build.0 = Release|Any CPU
		{F13D3BFE-1BC9-4D95-88B2-FCBD80484839}.Release|iPhoneSimulator.ActiveCfg = Release|Any CPU
		{F13D3BFE-1BC9-4D95-88B2-FCBD80484839}.Release|iPhoneSimulator.Build.0 = Release|Any CPU
		{F13D3BFE-1BC9-4D95-88B2-FCBD80484839}.Release|x64.ActiveCfg = Release|Any CPU
		{F13D3BFE-1BC9-4D95-88B2-FCBD80484839}.Release|x64.Build.0 = Release|Any CPU
		{F13D3BFE-1BC9-4D95-88B2-FCBD80484839}.Release|x86.ActiveCfg = Release|Any CPU
		{F13D3BFE-1BC9-4D95-88B2-FCBD80484839}.Release|x86.Build.0 = Release|Any CPU
		{823731AC-4FF0-46C4-8955-70F62730CD9C}.Debug|Any CPU.ActiveCfg = Debug|Any CPU
		{823731AC-4FF0-46C4-8955-70F62730CD9C}.Debug|Any CPU.Build.0 = Debug|Any CPU
		{823731AC-4FF0-46C4-8955-70F62730CD9C}.Debug|iPhone.ActiveCfg = Debug|Any CPU
		{823731AC-4FF0-46C4-8955-70F62730CD9C}.Debug|iPhone.Build.0 = Debug|Any CPU
		{823731AC-4FF0-46C4-8955-70F62730CD9C}.Debug|iPhoneSimulator.ActiveCfg = Debug|Any CPU
		{823731AC-4FF0-46C4-8955-70F62730CD9C}.Debug|iPhoneSimulator.Build.0 = Debug|Any CPU
		{823731AC-4FF0-46C4-8955-70F62730CD9C}.Debug|x64.ActiveCfg = Debug|Any CPU
		{823731AC-4FF0-46C4-8955-70F62730CD9C}.Debug|x64.Build.0 = Debug|Any CPU
		{823731AC-4FF0-46C4-8955-70F62730CD9C}.Debug|x86.ActiveCfg = Debug|Any CPU
		{823731AC-4FF0-46C4-8955-70F62730CD9C}.Debug|x86.Build.0 = Debug|Any CPU
		{823731AC-4FF0-46C4-8955-70F62730CD9C}.Release|Any CPU.ActiveCfg = Release|Any CPU
		{823731AC-4FF0-46C4-8955-70F62730CD9C}.Release|Any CPU.Build.0 = Release|Any CPU
		{823731AC-4FF0-46C4-8955-70F62730CD9C}.Release|iPhone.ActiveCfg = Release|Any CPU
		{823731AC-4FF0-46C4-8955-70F62730CD9C}.Release|iPhone.Build.0 = Release|Any CPU
		{823731AC-4FF0-46C4-8955-70F62730CD9C}.Release|iPhoneSimulator.ActiveCfg = Release|Any CPU
		{823731AC-4FF0-46C4-8955-70F62730CD9C}.Release|iPhoneSimulator.Build.0 = Release|Any CPU
		{823731AC-4FF0-46C4-8955-70F62730CD9C}.Release|x64.ActiveCfg = Release|Any CPU
		{823731AC-4FF0-46C4-8955-70F62730CD9C}.Release|x64.Build.0 = Release|Any CPU
		{823731AC-4FF0-46C4-8955-70F62730CD9C}.Release|x86.ActiveCfg = Release|Any CPU
		{823731AC-4FF0-46C4-8955-70F62730CD9C}.Release|x86.Build.0 = Release|Any CPU
		{8F7095D4-4ACD-4569-B398-9892980B640C}.Debug|Any CPU.ActiveCfg = Debug|Any CPU
		{8F7095D4-4ACD-4569-B398-9892980B640C}.Debug|Any CPU.Build.0 = Debug|Any CPU
		{8F7095D4-4ACD-4569-B398-9892980B640C}.Debug|iPhone.ActiveCfg = Debug|Any CPU
		{8F7095D4-4ACD-4569-B398-9892980B640C}.Debug|iPhone.Build.0 = Debug|Any CPU
		{8F7095D4-4ACD-4569-B398-9892980B640C}.Debug|iPhoneSimulator.ActiveCfg = Debug|Any CPU
		{8F7095D4-4ACD-4569-B398-9892980B640C}.Debug|iPhoneSimulator.Build.0 = Debug|Any CPU
		{8F7095D4-4ACD-4569-B398-9892980B640C}.Debug|x64.ActiveCfg = Debug|Any CPU
		{8F7095D4-4ACD-4569-B398-9892980B640C}.Debug|x64.Build.0 = Debug|Any CPU
		{8F7095D4-4ACD-4569-B398-9892980B640C}.Debug|x86.ActiveCfg = Debug|Any CPU
		{8F7095D4-4ACD-4569-B398-9892980B640C}.Debug|x86.Build.0 = Debug|Any CPU
		{8F7095D4-4ACD-4569-B398-9892980B640C}.Release|Any CPU.ActiveCfg = Release|Any CPU
		{8F7095D4-4ACD-4569-B398-9892980B640C}.Release|Any CPU.Build.0 = Release|Any CPU
		{8F7095D4-4ACD-4569-B398-9892980B640C}.Release|iPhone.ActiveCfg = Release|Any CPU
		{8F7095D4-4ACD-4569-B398-9892980B640C}.Release|iPhone.Build.0 = Release|Any CPU
		{8F7095D4-4ACD-4569-B398-9892980B640C}.Release|iPhoneSimulator.ActiveCfg = Release|Any CPU
		{8F7095D4-4ACD-4569-B398-9892980B640C}.Release|iPhoneSimulator.Build.0 = Release|Any CPU
		{8F7095D4-4ACD-4569-B398-9892980B640C}.Release|x64.ActiveCfg = Release|Any CPU
		{8F7095D4-4ACD-4569-B398-9892980B640C}.Release|x64.Build.0 = Release|Any CPU
		{8F7095D4-4ACD-4569-B398-9892980B640C}.Release|x86.ActiveCfg = Release|Any CPU
		{8F7095D4-4ACD-4569-B398-9892980B640C}.Release|x86.Build.0 = Release|Any CPU
		{4BC1FF87-4E5C-4690-BCD5-F2999144C37F}.Debug|Any CPU.ActiveCfg = Debug|Any CPU
		{4BC1FF87-4E5C-4690-BCD5-F2999144C37F}.Debug|Any CPU.Build.0 = Debug|Any CPU
		{4BC1FF87-4E5C-4690-BCD5-F2999144C37F}.Debug|iPhone.ActiveCfg = Debug|Any CPU
		{4BC1FF87-4E5C-4690-BCD5-F2999144C37F}.Debug|iPhone.Build.0 = Debug|Any CPU
		{4BC1FF87-4E5C-4690-BCD5-F2999144C37F}.Debug|iPhoneSimulator.ActiveCfg = Debug|Any CPU
		{4BC1FF87-4E5C-4690-BCD5-F2999144C37F}.Debug|iPhoneSimulator.Build.0 = Debug|Any CPU
		{4BC1FF87-4E5C-4690-BCD5-F2999144C37F}.Debug|x64.ActiveCfg = Debug|Any CPU
		{4BC1FF87-4E5C-4690-BCD5-F2999144C37F}.Debug|x64.Build.0 = Debug|Any CPU
		{4BC1FF87-4E5C-4690-BCD5-F2999144C37F}.Debug|x86.ActiveCfg = Debug|Any CPU
		{4BC1FF87-4E5C-4690-BCD5-F2999144C37F}.Debug|x86.Build.0 = Debug|Any CPU
		{4BC1FF87-4E5C-4690-BCD5-F2999144C37F}.Release|Any CPU.ActiveCfg = Release|Any CPU
		{4BC1FF87-4E5C-4690-BCD5-F2999144C37F}.Release|Any CPU.Build.0 = Release|Any CPU
		{4BC1FF87-4E5C-4690-BCD5-F2999144C37F}.Release|iPhone.ActiveCfg = Release|Any CPU
		{4BC1FF87-4E5C-4690-BCD5-F2999144C37F}.Release|iPhone.Build.0 = Release|Any CPU
		{4BC1FF87-4E5C-4690-BCD5-F2999144C37F}.Release|iPhoneSimulator.ActiveCfg = Release|Any CPU
		{4BC1FF87-4E5C-4690-BCD5-F2999144C37F}.Release|iPhoneSimulator.Build.0 = Release|Any CPU
		{4BC1FF87-4E5C-4690-BCD5-F2999144C37F}.Release|x64.ActiveCfg = Release|Any CPU
		{4BC1FF87-4E5C-4690-BCD5-F2999144C37F}.Release|x64.Build.0 = Release|Any CPU
		{4BC1FF87-4E5C-4690-BCD5-F2999144C37F}.Release|x86.ActiveCfg = Release|Any CPU
		{4BC1FF87-4E5C-4690-BCD5-F2999144C37F}.Release|x86.Build.0 = Release|Any CPU
		{AB59832E-5FAC-45DF-99EF-BF9FEB20030D}.Debug|Any CPU.ActiveCfg = Debug|Any CPU
		{AB59832E-5FAC-45DF-99EF-BF9FEB20030D}.Debug|Any CPU.Build.0 = Debug|Any CPU
		{AB59832E-5FAC-45DF-99EF-BF9FEB20030D}.Debug|iPhone.ActiveCfg = Debug|Any CPU
		{AB59832E-5FAC-45DF-99EF-BF9FEB20030D}.Debug|iPhone.Build.0 = Debug|Any CPU
		{AB59832E-5FAC-45DF-99EF-BF9FEB20030D}.Debug|iPhoneSimulator.ActiveCfg = Debug|Any CPU
		{AB59832E-5FAC-45DF-99EF-BF9FEB20030D}.Debug|iPhoneSimulator.Build.0 = Debug|Any CPU
		{AB59832E-5FAC-45DF-99EF-BF9FEB20030D}.Debug|x64.ActiveCfg = Debug|Any CPU
		{AB59832E-5FAC-45DF-99EF-BF9FEB20030D}.Debug|x64.Build.0 = Debug|Any CPU
		{AB59832E-5FAC-45DF-99EF-BF9FEB20030D}.Debug|x86.ActiveCfg = Debug|Any CPU
		{AB59832E-5FAC-45DF-99EF-BF9FEB20030D}.Debug|x86.Build.0 = Debug|Any CPU
		{AB59832E-5FAC-45DF-99EF-BF9FEB20030D}.Release|Any CPU.ActiveCfg = Release|Any CPU
		{AB59832E-5FAC-45DF-99EF-BF9FEB20030D}.Release|Any CPU.Build.0 = Release|Any CPU
		{AB59832E-5FAC-45DF-99EF-BF9FEB20030D}.Release|iPhone.ActiveCfg = Release|Any CPU
		{AB59832E-5FAC-45DF-99EF-BF9FEB20030D}.Release|iPhone.Build.0 = Release|Any CPU
		{AB59832E-5FAC-45DF-99EF-BF9FEB20030D}.Release|iPhoneSimulator.ActiveCfg = Release|Any CPU
		{AB59832E-5FAC-45DF-99EF-BF9FEB20030D}.Release|iPhoneSimulator.Build.0 = Release|Any CPU
		{AB59832E-5FAC-45DF-99EF-BF9FEB20030D}.Release|x64.ActiveCfg = Release|Any CPU
		{AB59832E-5FAC-45DF-99EF-BF9FEB20030D}.Release|x64.Build.0 = Release|Any CPU
		{AB59832E-5FAC-45DF-99EF-BF9FEB20030D}.Release|x86.ActiveCfg = Release|Any CPU
		{AB59832E-5FAC-45DF-99EF-BF9FEB20030D}.Release|x86.Build.0 = Release|Any CPU
		{EC237BF6-BDB0-4BA0-BBA9-487A77E3C66C}.Debug|Any CPU.ActiveCfg = Debug|Any CPU
		{EC237BF6-BDB0-4BA0-BBA9-487A77E3C66C}.Debug|Any CPU.Build.0 = Debug|Any CPU
		{EC237BF6-BDB0-4BA0-BBA9-487A77E3C66C}.Debug|iPhone.ActiveCfg = Debug|Any CPU
		{EC237BF6-BDB0-4BA0-BBA9-487A77E3C66C}.Debug|iPhone.Build.0 = Debug|Any CPU
		{EC237BF6-BDB0-4BA0-BBA9-487A77E3C66C}.Debug|iPhoneSimulator.ActiveCfg = Debug|Any CPU
		{EC237BF6-BDB0-4BA0-BBA9-487A77E3C66C}.Debug|iPhoneSimulator.Build.0 = Debug|Any CPU
		{EC237BF6-BDB0-4BA0-BBA9-487A77E3C66C}.Debug|x64.ActiveCfg = Debug|Any CPU
		{EC237BF6-BDB0-4BA0-BBA9-487A77E3C66C}.Debug|x64.Build.0 = Debug|Any CPU
		{EC237BF6-BDB0-4BA0-BBA9-487A77E3C66C}.Debug|x86.ActiveCfg = Debug|Any CPU
		{EC237BF6-BDB0-4BA0-BBA9-487A77E3C66C}.Debug|x86.Build.0 = Debug|Any CPU
		{EC237BF6-BDB0-4BA0-BBA9-487A77E3C66C}.Release|Any CPU.ActiveCfg = Release|Any CPU
		{EC237BF6-BDB0-4BA0-BBA9-487A77E3C66C}.Release|Any CPU.Build.0 = Release|Any CPU
		{EC237BF6-BDB0-4BA0-BBA9-487A77E3C66C}.Release|iPhone.ActiveCfg = Release|Any CPU
		{EC237BF6-BDB0-4BA0-BBA9-487A77E3C66C}.Release|iPhone.Build.0 = Release|Any CPU
		{EC237BF6-BDB0-4BA0-BBA9-487A77E3C66C}.Release|iPhoneSimulator.ActiveCfg = Release|Any CPU
		{EC237BF6-BDB0-4BA0-BBA9-487A77E3C66C}.Release|iPhoneSimulator.Build.0 = Release|Any CPU
		{EC237BF6-BDB0-4BA0-BBA9-487A77E3C66C}.Release|x64.ActiveCfg = Release|Any CPU
		{EC237BF6-BDB0-4BA0-BBA9-487A77E3C66C}.Release|x64.Build.0 = Release|Any CPU
		{EC237BF6-BDB0-4BA0-BBA9-487A77E3C66C}.Release|x86.ActiveCfg = Release|Any CPU
		{EC237BF6-BDB0-4BA0-BBA9-487A77E3C66C}.Release|x86.Build.0 = Release|Any CPU
	EndGlobalSection
	GlobalSection(SolutionProperties) = preSolution
		HideSolutionNode = FALSE
	EndGlobalSection
	GlobalSection(ExtensibilityGlobals) = postSolution
		SolutionGuid = {34D194D6-CEFB-4546-8F0E-E48ED09BF43A}
	EndGlobalSection
EndGlobal
